
Microsoft Visual Studio Solution File, Format Version 12.00
# Visual Studio Version 17
VisualStudioVersion = 17.5.33424.131
MinimumVisualStudioVersion = 10.0.40219.1
Project("{FAE04EC0-301F-11D3-BF4B-00C04F79EFBC}") = "JWT_web_api", "JWT_web_api\JWT_web_api.csproj", "{299702F2-10D2-41F4-A5AA-A565DB93C0F5}"
EndProject
Global
	GlobalSection(SolutionConfigurationPlatforms) = preSolution
		Debug|Any CPU = Debug|Any CPU
		Release|Any CPU = Release|Any CPU
	EndGlobalSection
	GlobalSection(ProjectConfigurationPlatforms) = postSolution
		{299702F2-10D2-41F4-A5AA-A565DB93C0F5}.Debug|Any CPU.ActiveCfg = Debug|Any CPU
		{299702F2-10D2-41F4-A5AA-A565DB93C0F5}.Debug|Any CPU.Build.0 = Debug|Any CPU
		{299702F2-10D2-41F4-A5AA-A565DB93C0F5}.Release|Any CPU.ActiveCfg = Release|Any CPU
		{299702F2-10D2-41F4-A5AA-A565DB93C0F5}.Release|Any CPU.Build.0 = Release|Any CPU
	EndGlobalSection
	GlobalSection(SolutionProperties) = preSolution
		HideSolutionNode = FALSE
	EndGlobalSection
	GlobalSection(ExtensibilityGlobals) = postSolution
		SolutionGuid = {645B0DAB-AF47-463F-9A60-CB4778A98422}
	EndGlobalSection
EndGlobal
